
Microsoft Visual Studio Solution File, Format Version 12.00
# Visual Studio Version 17
VisualStudioVersion = 17.6.33829.357
MinimumVisualStudioVersion = 10.0.40219.1
Project("{FAE04EC0-301F-11D3-BF4B-00C04F79EFBC}") = "PassDynamics", "PassDynamics.csproj", "{5A5F57A8-67E5-469F-A02D-8C139C19C1B9}"
EndProject
Global
	GlobalSection(SolutionConfigurationPlatforms) = preSolution
		Debug|Any CPU = Debug|Any CPU
		Release|Any CPU = Release|Any CPU
	EndGlobalSection
	GlobalSection(ProjectConfigurationPlatforms) = postSolution
		{5A5F57A8-67E5-469F-A02D-8C139C19C1B9}.Debug|Any CPU.ActiveCfg = Debug|Any CPU
		{5A5F57A8-67E5-469F-A02D-8C139C19C1B9}.Debug|Any CPU.Build.0 = Debug|Any CPU
		{5A5F57A8-67E5-469F-A02D-8C139C19C1B9}.Release|Any CPU.ActiveCfg = Release|Any CPU
		{5A5F57A8-67E5-469F-A02D-8C139C19C1B9}.Release|Any CPU.Build.0 = Release|Any CPU
	EndGlobalSection
	GlobalSection(SolutionProperties) = preSolution
		HideSolutionNode = FALSE
	EndGlobalSection
	GlobalSection(ExtensibilityGlobals) = postSolution
		SolutionGuid = {41BB0D9F-39E3-4E4C-ADC3-0E42EB7345E8}
	EndGlobalSection
EndGlobal
